
Microsoft Visual Studio Solution File, Format Version 12.00
# Visual Studio 15
VisualStudioVersion = 15.0.26430.16
MinimumVisualStudioVersion = 10.0.40219.1
Project("{2150E333-8FDC-42A3-9474-1A3956D46DE8}") = "WebApp", "WebApp", "{B72B972F-8121-4C2C-90AC-C93938CAAA2C}"
EndProject
Project("{FAE04EC0-301F-11D3-BF4B-00C04F79EFBC}") = "FrontAppWeb", "FrontAppWeb\FrontAppWeb.csproj", "{B41B0224-76C6-4C99-9B7C-B481BB52FA9D}"
EndProject
Project("{FAE04EC0-301F-11D3-BF4B-00C04F79EFBC}") = "BackEndApiService", "BackEndApiService\BackEndApiService.csproj", "{B7E1160F-6F12-44B6-BB3A-759C4618476A}"
EndProject
Project("{2150E333-8FDC-42A3-9474-1A3956D46DE8}") = "SPA", "SPA", "{724B21AA-06F5-403B-8083-7A21BD3E7073}"
EndProject
Project("{FAE04EC0-301F-11D3-BF4B-00C04F79EFBC}") = "FrontSAPWebApp_V0", "FrontSAPWebApp\FrontSAPWebApp_V0.csproj", "{812150F7-BE66-433D-B19C-F19C4FA4E41C}"
EndProject
Project("{2150E333-8FDC-42A3-9474-1A3956D46DE8}") = "WPF", "WPF", "{627FDB97-DD2D-4822-8773-37C40D5D314E}"
EndProject
Project("{FAE04EC0-301F-11D3-BF4B-00C04F79EFBC}") = "WPFClientApp", "WPFClientApp\WPFClientApp.csproj", "{4F46C865-9A0E-4BA4-B93A-BCAD413EF401}"
EndProject
Project("{FAE04EC0-301F-11D3-BF4B-00C04F79EFBC}") = "FrontSAPWebApp_V1", "FrontSAPWebApp_V1\FrontSAPWebApp_V1.csproj", "{FC6D2F6A-5861-42A4-BD61-4E81311E7179}"
EndProject
Project("{FAE04EC0-301F-11D3-BF4B-00C04F79EFBC}") = "FrontEndWebApptoApi", "FrontEndWebApptoApi\FrontEndWebApptoApi.csproj", "{3D497069-24EA-47C4-899C-3A1338EA1538}"
EndProject
Project("{2150E333-8FDC-42A3-9474-1A3956D46DE8}") = "Daemon", "Daemon", "{172399C1-13A6-4CD6-B987-1928DBDACBBA}"
EndProject
Project("{FAE04EC0-301F-11D3-BF4B-00C04F79EFBC}") = "DaemonClientApp", "DaemonClientApp\DaemonClientApp.csproj", "{000622B9-EFAF-4FE3-8F05-1FA966E0CB0D}"
EndProject
Project("{FAE04EC0-301F-11D3-BF4B-00C04F79EFBC}") = "DaemonClientWithCert", "DaemonClientWithCert\DaemonClientWithCert.csproj", "{5A577038-5BFF-48BC-9748-F407C71CB541}"
EndProject
Project("{2150E333-8FDC-42A3-9474-1A3956D46DE8}") = "Dynamics", "Dynamics", "{87BD8102-944D-4A31-BEE1-55E9AC9CB48F}"
EndProject
Project("{FAE04EC0-301F-11D3-BF4B-00C04F79EFBC}") = "DynamicsDaemonClient", "DynamicsDaemonClient\DynamicsDaemonClient.csproj", "{332C8F1E-4BAA-4071-8F52-B85AF11881B3}"
EndProject
Global
	GlobalSection(SolutionConfigurationPlatforms) = preSolution
		Debug|Any CPU = Debug|Any CPU
		Release|Any CPU = Release|Any CPU
	EndGlobalSection
	GlobalSection(ProjectConfigurationPlatforms) = postSolution
		{B41B0224-76C6-4C99-9B7C-B481BB52FA9D}.Debug|Any CPU.ActiveCfg = Debug|Any CPU
		{B41B0224-76C6-4C99-9B7C-B481BB52FA9D}.Debug|Any CPU.Build.0 = Debug|Any CPU
		{B41B0224-76C6-4C99-9B7C-B481BB52FA9D}.Release|Any CPU.ActiveCfg = Release|Any CPU
		{B41B0224-76C6-4C99-9B7C-B481BB52FA9D}.Release|Any CPU.Build.0 = Release|Any CPU
		{B7E1160F-6F12-44B6-BB3A-759C4618476A}.Debug|Any CPU.ActiveCfg = Debug|Any CPU
		{B7E1160F-6F12-44B6-BB3A-759C4618476A}.Debug|Any CPU.Build.0 = Debug|Any CPU
		{B7E1160F-6F12-44B6-BB3A-759C4618476A}.Release|Any CPU.ActiveCfg = Release|Any CPU
		{B7E1160F-6F12-44B6-BB3A-759C4618476A}.Release|Any CPU.Build.0 = Release|Any CPU
		{812150F7-BE66-433D-B19C-F19C4FA4E41C}.Debug|Any CPU.ActiveCfg = Debug|Any CPU
		{812150F7-BE66-433D-B19C-F19C4FA4E41C}.Debug|Any CPU.Build.0 = Debug|Any CPU
		{812150F7-BE66-433D-B19C-F19C4FA4E41C}.Release|Any CPU.ActiveCfg = Release|Any CPU
		{812150F7-BE66-433D-B19C-F19C4FA4E41C}.Release|Any CPU.Build.0 = Release|Any CPU
		{4F46C865-9A0E-4BA4-B93A-BCAD413EF401}.Debug|Any CPU.ActiveCfg = Debug|Any CPU
		{4F46C865-9A0E-4BA4-B93A-BCAD413EF401}.Debug|Any CPU.Build.0 = Debug|Any CPU
		{4F46C865-9A0E-4BA4-B93A-BCAD413EF401}.Release|Any CPU.ActiveCfg = Release|Any CPU
		{4F46C865-9A0E-4BA4-B93A-BCAD413EF401}.Release|Any CPU.Build.0 = Release|Any CPU
		{FC6D2F6A-5861-42A4-BD61-4E81311E7179}.Debug|Any CPU.ActiveCfg = Debug|Any CPU
		{FC6D2F6A-5861-42A4-BD61-4E81311E7179}.Debug|Any CPU.Build.0 = Debug|Any CPU
		{FC6D2F6A-5861-42A4-BD61-4E81311E7179}.Release|Any CPU.ActiveCfg = Release|Any CPU
		{FC6D2F6A-5861-42A4-BD61-4E81311E7179}.Release|Any CPU.Build.0 = Release|Any CPU
		{3D497069-24EA-47C4-899C-3A1338EA1538}.Debug|Any CPU.ActiveCfg = Debug|Any CPU
		{3D497069-24EA-47C4-899C-3A1338EA1538}.Debug|Any CPU.Build.0 = Debug|Any CPU
		{3D497069-24EA-47C4-899C-3A1338EA1538}.Release|Any CPU.ActiveCfg = Release|Any CPU
		{3D497069-24EA-47C4-899C-3A1338EA1538}.Release|Any CPU.Build.0 = Release|Any CPU
		{000622B9-EFAF-4FE3-8F05-1FA966E0CB0D}.Debug|Any CPU.ActiveCfg = Debug|Any CPU
		{000622B9-EFAF-4FE3-8F05-1FA966E0CB0D}.Debug|Any CPU.Build.0 = Debug|Any CPU
		{000622B9-EFAF-4FE3-8F05-1FA966E0CB0D}.Release|Any CPU.ActiveCfg = Release|Any CPU
		{000622B9-EFAF-4FE3-8F05-1FA966E0CB0D}.Release|Any CPU.Build.0 = Release|Any CPU
		{5A577038-5BFF-48BC-9748-F407C71CB541}.Debug|Any CPU.ActiveCfg = Debug|Any CPU
		{5A577038-5BFF-48BC-9748-F407C71CB541}.Debug|Any CPU.Build.0 = Debug|Any CPU
		{5A577038-5BFF-48BC-9748-F407C71CB541}.Release|Any CPU.ActiveCfg = Release|Any CPU
		{5A577038-5BFF-48BC-9748-F407C71CB541}.Release|Any CPU.Build.0 = Release|Any CPU
		{332C8F1E-4BAA-4071-8F52-B85AF11881B3}.Debug|Any CPU.ActiveCfg = Debug|Any CPU
		{332C8F1E-4BAA-4071-8F52-B85AF11881B3}.Debug|Any CPU.Build.0 = Debug|Any CPU
		{332C8F1E-4BAA-4071-8F52-B85AF11881B3}.Release|Any CPU.ActiveCfg = Release|Any CPU
		{332C8F1E-4BAA-4071-8F52-B85AF11881B3}.Release|Any CPU.Build.0 = Release|Any CPU
	EndGlobalSection
	GlobalSection(SolutionProperties) = preSolution
		HideSolutionNode = FALSE
	EndGlobalSection
	GlobalSection(NestedProjects) = preSolution
		{B41B0224-76C6-4C99-9B7C-B481BB52FA9D} = {B72B972F-8121-4C2C-90AC-C93938CAAA2C}
		{812150F7-BE66-433D-B19C-F19C4FA4E41C} = {724B21AA-06F5-403B-8083-7A21BD3E7073}
		{4F46C865-9A0E-4BA4-B93A-BCAD413EF401} = {627FDB97-DD2D-4822-8773-37C40D5D314E}
		{FC6D2F6A-5861-42A4-BD61-4E81311E7179} = {724B21AA-06F5-403B-8083-7A21BD3E7073}
		{3D497069-24EA-47C4-899C-3A1338EA1538} = {B72B972F-8121-4C2C-90AC-C93938CAAA2C}
		{000622B9-EFAF-4FE3-8F05-1FA966E0CB0D} = {172399C1-13A6-4CD6-B987-1928DBDACBBA}
		{5A577038-5BFF-48BC-9748-F407C71CB541} = {172399C1-13A6-4CD6-B987-1928DBDACBBA}
		{332C8F1E-4BAA-4071-8F52-B85AF11881B3} = {87BD8102-944D-4A31-BEE1-55E9AC9CB48F}
	EndGlobalSection
EndGlobal
